
Microsoft Visual Studio Solution File, Format Version 12.00
# Visual Studio Version 17
VisualStudioVersion = 17.3.32929.385
MinimumVisualStudioVersion = 10.0.40219.1
Project("{9A19103F-16F7-4668-BE54-9A1E7A4F7556}") = "Stage0", "Stage0\Stage0.csproj", "{8661A6D6-9E6B-46A2-8771-4F2CF6A51224}"
EndProject
Project("{9A19103F-16F7-4668-BE54-9A1E7A4F7556}") = "DalFacade", "DalFacade\DalFacade.csproj", "{DC3EBE5D-6630-499C-98DF-52B13366BE9F}"
EndProject
Project("{9A19103F-16F7-4668-BE54-9A1E7A4F7556}") = "DalList", "DalList\DalList.csproj", "{343D7A74-2E89-4E84-A22C-BE89A9B9DCC0}"
EndProject
Project("{9A19103F-16F7-4668-BE54-9A1E7A4F7556}") = "DalTest", "DalTest\DalTest.csproj", "{CE43577D-CC4C-4F59-9166-D192AFF741D1}"
EndProject
Project("{9A19103F-16F7-4668-BE54-9A1E7A4F7556}") = "BL", "BL\BL.csproj", "{25BADAAE-3AEF-4963-8C7C-A647E04DE164}"
EndProject
Project("{9A19103F-16F7-4668-BE54-9A1E7A4F7556}") = "BlTest", "BlTest\BlTest.csproj", "{FCE09F1E-3BEE-4FDF-9200-5FD4572CE431}"
EndProject
Project("{9A19103F-16F7-4668-BE54-9A1E7A4F7556}") = "PL", "PL\PL.csproj", "{8772F33C-E4B6-432D-B5E9-77AFFCC44475}"
EndProject
Project("{2150E333-8FDC-42A3-9474-1A3956D46DE8}") = "xml", "xml", "{71194842-4441-41F7-95D8-10BA6E6B4C90}"
	ProjectSection(SolutionItems) = preProject
		xml\dal-config.xml = xml\dal-config.xml
	EndProjectSection
EndProject
Global
	GlobalSection(SolutionConfigurationPlatforms) = preSolution
		Debug|Any CPU = Debug|Any CPU
		Release|Any CPU = Release|Any CPU
	EndGlobalSection
	GlobalSection(ProjectConfigurationPlatforms) = postSolution
		{8661A6D6-9E6B-46A2-8771-4F2CF6A51224}.Debug|Any CPU.ActiveCfg = Debug|Any CPU
		{8661A6D6-9E6B-46A2-8771-4F2CF6A51224}.Debug|Any CPU.Build.0 = Debug|Any CPU
		{8661A6D6-9E6B-46A2-8771-4F2CF6A51224}.Release|Any CPU.ActiveCfg = Release|Any CPU
		{8661A6D6-9E6B-46A2-8771-4F2CF6A51224}.Release|Any CPU.Build.0 = Release|Any CPU
		{DC3EBE5D-6630-499C-98DF-52B13366BE9F}.Debug|Any CPU.ActiveCfg = Debug|Any CPU
		{DC3EBE5D-6630-499C-98DF-52B13366BE9F}.Debug|Any CPU.Build.0 = Debug|Any CPU
		{DC3EBE5D-6630-499C-98DF-52B13366BE9F}.Release|Any CPU.ActiveCfg = Release|Any CPU
		{DC3EBE5D-6630-499C-98DF-52B13366BE9F}.Release|Any CPU.Build.0 = Release|Any CPU
		{343D7A74-2E89-4E84-A22C-BE89A9B9DCC0}.Debug|Any CPU.ActiveCfg = Debug|Any CPU
		{343D7A74-2E89-4E84-A22C-BE89A9B9DCC0}.Debug|Any CPU.Build.0 = Debug|Any CPU
		{343D7A74-2E89-4E84-A22C-BE89A9B9DCC0}.Release|Any CPU.ActiveCfg = Release|Any CPU
		{343D7A74-2E89-4E84-A22C-BE89A9B9DCC0}.Release|Any CPU.Build.0 = Release|Any CPU
		{CE43577D-CC4C-4F59-9166-D192AFF741D1}.Debug|Any CPU.ActiveCfg = Debug|Any CPU
		{CE43577D-CC4C-4F59-9166-D192AFF741D1}.Debug|Any CPU.Build.0 = Debug|Any CPU
		{CE43577D-CC4C-4F59-9166-D192AFF741D1}.Release|Any CPU.ActiveCfg = Release|Any CPU
		{CE43577D-CC4C-4F59-9166-D192AFF741D1}.Release|Any CPU.Build.0 = Release|Any CPU
		{25BADAAE-3AEF-4963-8C7C-A647E04DE164}.Debug|Any CPU.ActiveCfg = Debug|Any CPU
		{25BADAAE-3AEF-4963-8C7C-A647E04DE164}.Debug|Any CPU.Build.0 = Debug|Any CPU
		{25BADAAE-3AEF-4963-8C7C-A647E04DE164}.Release|Any CPU.ActiveCfg = Release|Any CPU
		{25BADAAE-3AEF-4963-8C7C-A647E04DE164}.Release|Any CPU.Build.0 = Release|Any CPU
		{FCE09F1E-3BEE-4FDF-9200-5FD4572CE431}.Debug|Any CPU.ActiveCfg = Debug|Any CPU
		{FCE09F1E-3BEE-4FDF-9200-5FD4572CE431}.Debug|Any CPU.Build.0 = Debug|Any CPU
		{FCE09F1E-3BEE-4FDF-9200-5FD4572CE431}.Release|Any CPU.ActiveCfg = Release|Any CPU
		{FCE09F1E-3BEE-4FDF-9200-5FD4572CE431}.Release|Any CPU.Build.0 = Release|Any CPU
		{8772F33C-E4B6-432D-B5E9-77AFFCC44475}.Debug|Any CPU.ActiveCfg = Debug|Any CPU
		{8772F33C-E4B6-432D-B5E9-77AFFCC44475}.Debug|Any CPU.Build.0 = Debug|Any CPU
		{8772F33C-E4B6-432D-B5E9-77AFFCC44475}.Release|Any CPU.ActiveCfg = Release|Any CPU
		{8772F33C-E4B6-432D-B5E9-77AFFCC44475}.Release|Any CPU.Build.0 = Release|Any CPU
	EndGlobalSection
	GlobalSection(SolutionProperties) = preSolution
		HideSolutionNode = FALSE
	EndGlobalSection
	GlobalSection(ExtensibilityGlobals) = postSolution
		SolutionGuid = {62AD1484-695C-4565-901B-A176FCF82C35}
	EndGlobalSection
EndGlobal
